<?xml version="1.0" encoding="utf-8"?>
<Project ToolsVersion="4.0" xmlns="http://schemas.microsoft.com/developer/msbuild/2003">
  <ItemGroup>
    <Filter Include="Pliki źródłowe">
      <UniqueIdentifier>{4FC737F1-C7A5-4376-A066-2A32D752A2FF}</UniqueIdentifier>
      <Extensions>cpp;c;cc;cxx;c++;cppm;ixx;def;odl;idl;hpj;bat;asm;asmx</Extensions>
    </Filter>
    <Filter Include="Pliki nagłówkowe">
      <UniqueIdentifier>{93995380-89BD-4b04-88EB-625FBE52EBFB}</UniqueIdentifier>
      <Extensions>h;hh;hpp;hxx;h++;hm;inl;inc;ipp;xsd</Extensions>
    </Filter>
    <Filter Include="Pliki zasobów">
      <UniqueIdentifier>{67DA6AB6-F800-4c08-8B7A-83BB121AAD01}</UniqueIdentifier>
      <Extensions>rc;ico;cur;bmp;dlg;rc2;rct;bin;rgs;gif;jpg;jpeg;jpe;resx;tiff;tif;png;wav;mfcribbon-ms</Extensions>
    </Filter>
    <Filter Include="Pliki nagłówkowe\d3dx">
      <UniqueIdentifier>{23fe48ec-0684-4980-a3d4-6d51259d7a8b}</UniqueIdentifier>
    </Filter>
    <Filter Include="Pliki nagłówkowe\object">
      <UniqueIdentifier>{1da4ca9e-2c73-44a0-a176-e92ff656a997}</UniqueIdentifier>
    </Filter>
    <Filter Include="Pliki źródłowe\d3dx">
      <UniqueIdentifier>{28adab54-c217-43d8-a010-b0ebbe9f05d6}</UniqueIdentifier>
    </Filter>
    <Filter Include="Pliki nagłówkowe\input">
      <UniqueIdentifier>{d6ad5f2d-2ef9-488d-a13e-4d85a572156d}</UniqueIdentifier>
    </Filter>
    <Filter Include="Pliki źródłowe\input">
      <UniqueIdentifier>{796ededb-8da0-49ef-8b3b-2e919c16c24b}</UniqueIdentifier>
    </Filter>
    <Filter Include="Pliki źródłowe\object">
      <UniqueIdentifier>{6b5c14a1-a876-44cf-b5a7-c66558273df0}</UniqueIdentifier>
    </Filter>
    <Filter Include="Pliki nagłówkowe\app">
      <UniqueIdentifier>{97bfe556-81ff-4694-830d-53c0cb9d4578}</UniqueIdentifier>
    </Filter>
    <Filter Include="Pliki źródłowe\app">
      <UniqueIdentifier>{9b11bd43-5b20-4ae5-9702-b9064d2cdbc1}</UniqueIdentifier>
    </Filter>
    <Filter Include="Pliki źródłowe\models">
      <UniqueIdentifier>{bf79789e-3c4a-41a2-9df3-476a1f934f60}</UniqueIdentifier>
    </Filter>
    <Filter Include="Pliki nagłówkowe\models">
      <UniqueIdentifier>{8ac115aa-221a-4eb1-a48d-4fec3683776c}</UniqueIdentifier>
    </Filter>
    <Filter Include="Pliki zasobów\RegularWithColor">
      <UniqueIdentifier>{9684a7bd-eeff-4fa3-8864-93c876f4074d}</UniqueIdentifier>
    </Filter>
    <Filter Include="Pliki zasobów\Regular">
      <UniqueIdentifier>{2f638ed5-f43c-4136-a897-af0bf6c1eccd}</UniqueIdentifier>
    </Filter>
    <Filter Include="Pliki zasobów\RegularWithTesselationBSpline">
      <UniqueIdentifier>{79605c1a-7d17-4d1a-a16b-f4ce4cad74fb}</UniqueIdentifier>
    </Filter>
    <Filter Include="Pliki zasobów\RegularWithTesselation">
      <UniqueIdentifier>{132632fc-3270-4a10-9775-6788ce75d354}</UniqueIdentifier>
    </Filter>
    <Filter Include="Pliki zasobów\RegularWithTesselationSurface">
      <UniqueIdentifier>{efadf93e-3566-45f6-8109-1f8ffb070f46}</UniqueIdentifier>
    </Filter>
    <Filter Include="Pliki zasobów\RegularWithTesselationBSurface">
      <UniqueIdentifier>{aca6ded9-1af8-4697-9d86-8fbc7d6ceea2}</UniqueIdentifier>
    </Filter>
    <Filter Include="Pliki zasobów\RegularWithTesselationGregory">
      <UniqueIdentifier>{586a05fd-6dfb-4931-8685-5e3ce3e3c2ed}</UniqueIdentifier>
    </Filter>
    <Filter Include="Pliki zasobów\RegularWithUVs">
      <UniqueIdentifier>{972950fd-132f-4f2e-94ff-32d6f94f850f}</UniqueIdentifier>
    </Filter>
    <Filter Include="Pliki nagłówkowe\CAM">
      <UniqueIdentifier>{e7ae4c04-0a68-488d-a8d8-4dd4ee0d6898}</UniqueIdentifier>
    </Filter>
    <Filter Include="Pliki zasobów\RegularWithTesselationCISpline">
      <UniqueIdentifier>{7b404e89-2b04-4f5c-8a00-675d61d3c7c5}</UniqueIdentifier>
    </Filter>
    <Filter Include="Pliki zasobów\Cutter">
      <UniqueIdentifier>{9691ef93-4c0f-44a2-90c5-adbec43fee76}</UniqueIdentifier>
    </Filter>
    <Filter Include="Pliki zasobów\Milling">
      <UniqueIdentifier>{93b0627f-1284-4e9e-9ba8-63e7d5063e76}</UniqueIdentifier>
    </Filter>
    <Filter Include="Pliki źródłowe\d3dx\DirectX">
      <UniqueIdentifier>{7f1db83d-b620-45ab-a5f6-0549fa4a5004}</UniqueIdentifier>
    </Filter>
    <Filter Include="Pliki nagłówkowe\d3dx\DirectX">
      <UniqueIdentifier>{5a40f91a-55bb-4a6c-976a-0b4f237e7109}</UniqueIdentifier>
    </Filter>
    <Filter Include="Pliki źródłowe\CAM">
      <UniqueIdentifier>{70a0aa8d-e9bd-4b1b-8803-ba325c481674}</UniqueIdentifier>
    </Filter>
  </ItemGroup>
  <ItemGroup>
    <ClInclude Include="Device.h">
      <Filter>Pliki nagłówkowe\d3dx</Filter>
    </ClInclude>
    <ClInclude Include="Descriptions.h">
      <Filter>Pliki nagłówkowe\d3dx</Filter>
    </ClInclude>
    <ClInclude Include="Object.h">
      <Filter>Pliki nagłówkowe\object</Filter>
    </ClInclude>
    <ClInclude Include="Torus.h">
      <Filter>Pliki nagłówkowe\object</Filter>
    </ClInclude>
    <ClInclude Include="Data.h">
      <Filter>Pliki nagłówkowe\d3dx</Filter>
    </ClInclude>
    <ClInclude Include="Mouse.h">
      <Filter>Pliki nagłówkowe\input</Filter>
    </ClInclude>
    <ClInclude Include="Keyboard.h">
      <Filter>Pliki nagłówkowe\input</Filter>
    </ClInclude>
    <ClInclude Include="Camera.h">
      <Filter>Pliki nagłówkowe\input</Filter>
    </ClInclude>
    <ClInclude Include="Mesh.h">
      <Filter>Pliki nagłówkowe\d3dx</Filter>
    </ClInclude>
    <ClInclude Include="Application.h">
      <Filter>Pliki nagłówkowe\app</Filter>
    </ClInclude>
    <ClInclude Include="UI.h">
      <Filter>Pliki nagłówkowe\app</Filter>
    </ClInclude>
    <ClInclude Include="Cube.h">
      <Filter>Pliki nagłówkowe\object</Filter>
    </ClInclude>
    <ClInclude Include="ObjectGroup.h">
      <Filter>Pliki nagłówkowe\object</Filter>
    </ClInclude>
    <ClInclude Include="Polyline.h">
      <Filter>Pliki nagłówkowe\object</Filter>
    </ClInclude>
    <ClInclude Include="Axes.h">
      <Filter>Pliki nagłówkowe\app</Filter>
    </ClInclude>
    <ClInclude Include="Point.h">
      <Filter>Pliki nagłówkowe\object</Filter>
    </ClInclude>
    <ClInclude Include="framework.h">
      <Filter>Pliki nagłówkowe</Filter>
    </ClInclude>
    <ClInclude Include="Cursor.h">
      <Filter>Pliki nagłówkowe\app</Filter>
    </ClInclude>
    <ClInclude Include="AxesModel.h">
      <Filter>Pliki nagłówkowe\models</Filter>
    </ClInclude>
    <ClInclude Include="CubeModel.h">
      <Filter>Pliki nagłówkowe\models</Filter>
    </ClInclude>
    <ClInclude Include="PointModel.h">
      <Filter>Pliki nagłówkowe\models</Filter>
    </ClInclude>
    <ClInclude Include="Shaders.h">
      <Filter>Pliki nagłówkowe\d3dx</Filter>
    </ClInclude>
    <ClInclude Include="Spline.h">
      <Filter>Pliki nagłówkowe\object</Filter>
    </ClInclude>
    <ClInclude Include="BSpline.h">
      <Filter>Pliki nagłówkowe\object</Filter>
    </ClInclude>
    <ClInclude Include="CISpline.h">
      <Filter>Pliki nagłówkowe\object</Filter>
    </ClInclude>
    <ClInclude Include="Surface.h">
      <Filter>Pliki nagłówkowe\object</Filter>
    </ClInclude>
    <ClInclude Include="BSurface.h">
      <Filter>Pliki nagłówkowe\object</Filter>
    </ClInclude>
    <ClInclude Include="SurfaceBuilder.h">
      <Filter>Pliki nagłówkowe\app</Filter>
    </ClInclude>
    <ClInclude Include="Patch.h">
      <Filter>Pliki nagłówkowe\object</Filter>
    </ClInclude>
    <ClInclude Include="SerializationManager.h">
      <Filter>Pliki nagłówkowe\app</Filter>
    </ClInclude>
    <ClInclude Include="tinyfiledialogs.h">
      <Filter>Pliki nagłówkowe</Filter>
    </ClInclude>
    <ClInclude Include="Gregory.h">
      <Filter>Pliki nagłówkowe\object</Filter>
    </ClInclude>
    <ClInclude Include="Transformable.h">
      <Filter>Pliki nagłówkowe\object</Filter>
    </ClInclude>
    <ClInclude Include="Edge.h">
      <Filter>Pliki nagłówkowe\object</Filter>
    </ClInclude>
    <ClInclude Include="Divisable.h">
      <Filter>Pliki nagłówkowe\object</Filter>
    </ClInclude>
    <ClInclude Include="IGeometrical.h">
      <Filter>Pliki nagłówkowe\object</Filter>
    </ClInclude>
    <ClInclude Include="Intersection.h">
      <Filter>Pliki nagłówkowe\app</Filter>
    </ClInclude>
    <ClInclude Include="Debug.h">
      <Filter>Pliki nagłówkowe\app</Filter>
    </ClInclude>
    <ClInclude Include="Display.h">
      <Filter>Pliki nagłówkowe\d3dx</Filter>
    </ClInclude>
    <ClInclude Include="Cutter.h">
      <Filter>Pliki nagłówkowe\CAM</Filter>
    </ClInclude>
    <ClInclude Include="Milling.h">
      <Filter>Pliki nagłówkowe\CAM</Filter>
    </ClInclude>
    <ClInclude Include="PathAnimator.h">
      <Filter>Pliki nagłówkowe\CAM</Filter>
    </ClInclude>
    <ClInclude Include="PathParser.h">
      <Filter>Pliki nagłówkowe\CAM</Filter>
    </ClInclude>
    <ClInclude Include="CutterType.h">
      <Filter>Pliki nagłówkowe\CAM</Filter>
    </ClInclude>
    <ClInclude Include="DDSTextureLoader.h">
      <Filter>Pliki nagłówkowe\d3dx\DirectX</Filter>
    </ClInclude>
    <ClInclude Include="WICTextureLoader.h">
      <Filter>Pliki nagłówkowe\d3dx\DirectX</Filter>
    </ClInclude>
  </ItemGroup>
  <ItemGroup>
    <ClCompile Include="main.cpp">
      <Filter>Pliki źródłowe</Filter>
    </ClCompile>
    <ClCompile Include="Device.cpp">
      <Filter>Pliki źródłowe\d3dx</Filter>
    </ClCompile>
    <ClCompile Include="Descriptions.cpp">
      <Filter>Pliki źródłowe\d3dx</Filter>
    </ClCompile>
    <ClCompile Include="Data.cpp">
      <Filter>Pliki źródłowe\d3dx</Filter>
    </ClCompile>
    <ClCompile Include="Mesh.cpp">
      <Filter>Pliki źródłowe\d3dx</Filter>
    </ClCompile>
    <ClCompile Include="Camera.cpp">
      <Filter>Pliki źródłowe\input</Filter>
    </ClCompile>
    <ClCompile Include="Torus.cpp">
      <Filter>Pliki źródłowe\object</Filter>
    </ClCompile>
    <ClCompile Include="Object.cpp">
      <Filter>Pliki źródłowe\object</Filter>
    </ClCompile>
    <ClCompile Include="Mouse.cpp">
      <Filter>Pliki źródłowe\input</Filter>
    </ClCompile>
    <ClCompile Include="Keyboard.cpp">
      <Filter>Pliki źródłowe\input</Filter>
    </ClCompile>
    <ClCompile Include="Application.cpp">
      <Filter>Pliki źródłowe\app</Filter>
    </ClCompile>
    <ClCompile Include="UI.cpp">
      <Filter>Pliki źródłowe\app</Filter>
    </ClCompile>
    <ClCompile Include="Cube.cpp">
      <Filter>Pliki źródłowe\object</Filter>
    </ClCompile>
    <ClCompile Include="ObjectGroup.cpp">
      <Filter>Pliki źródłowe\object</Filter>
    </ClCompile>
    <ClCompile Include="Polyline.cpp">
      <Filter>Pliki źródłowe\object</Filter>
    </ClCompile>
    <ClCompile Include="Point.cpp">
      <Filter>Pliki źródłowe\object</Filter>
    </ClCompile>
    <ClCompile Include="Cursor.cpp">
      <Filter>Pliki źródłowe\app</Filter>
    </ClCompile>
    <ClCompile Include="AxesModel.cpp">
      <Filter>Pliki źródłowe\models</Filter>
    </ClCompile>
    <ClCompile Include="CubeModel.cpp">
      <Filter>Pliki źródłowe\models</Filter>
    </ClCompile>
    <ClCompile Include="PointModel.cpp">
      <Filter>Pliki źródłowe\models</Filter>
    </ClCompile>
    <ClCompile Include="Shaders.cpp">
      <Filter>Pliki źródłowe\d3dx</Filter>
    </ClCompile>
    <ClCompile Include="Spline.cpp">
      <Filter>Pliki źródłowe\object</Filter>
    </ClCompile>
    <ClCompile Include="BSpline.cpp">
      <Filter>Pliki źródłowe\object</Filter>
    </ClCompile>
    <ClCompile Include="CISpline.cpp">
      <Filter>Pliki źródłowe\object</Filter>
    </ClCompile>
    <ClCompile Include="Surface.cpp">
      <Filter>Pliki źródłowe\object</Filter>
    </ClCompile>
    <ClCompile Include="Patch.cpp">
      <Filter>Pliki źródłowe\object</Filter>
    </ClCompile>
    <ClCompile Include="SurfaceBuilder.cpp">
      <Filter>Pliki źródłowe\app</Filter>
    </ClCompile>
    <ClCompile Include="BSurface.cpp">
      <Filter>Pliki źródłowe\object</Filter>
    </ClCompile>
    <ClCompile Include="SerializationManager.cpp">
      <Filter>Pliki źródłowe\app</Filter>
    </ClCompile>
    <ClCompile Include="tinyfiledialogs.c">
      <Filter>Pliki źródłowe</Filter>
    </ClCompile>
    <ClCompile Include="Transformable.cpp">
      <Filter>Pliki źródłowe\object</Filter>
    </ClCompile>
    <ClCompile Include="Gregory.cpp">
      <Filter>Pliki źródłowe\object</Filter>
    </ClCompile>
    <ClCompile Include="Intersection.cpp">
      <Filter>Pliki źródłowe\app</Filter>
    </ClCompile>
    <ClCompile Include="PathParser.cpp">
      <Filter>Pliki źródłowe\CAM</Filter>
    </ClCompile>
    <ClCompile Include="PathAnimator.cpp">
      <Filter>Pliki źródłowe\CAM</Filter>
    </ClCompile>
    <ClCompile Include="Milling.cpp">
      <Filter>Pliki źródłowe\CAM</Filter>
    </ClCompile>
    <ClCompile Include="Cutter.cpp">
      <Filter>Pliki źródłowe\CAM</Filter>
    </ClCompile>
    <ClCompile Include="WICTextureLoader.cpp">
      <Filter>Pliki źródłowe\d3dx\DirectX</Filter>
    </ClCompile>
    <ClCompile Include="DDSTextureLoader.cpp">
      <Filter>Pliki źródłowe\d3dx\DirectX</Filter>
    </ClCompile>
    <ClCompile Include="Axes.cpp">
      <Filter>Pliki źródłowe</Filter>
    </ClCompile>
  </ItemGroup>
  <ItemGroup>
    <FxCompile Include="vs_rwc.hlsl">
      <Filter>Pliki zasobów\RegularWithColor</Filter>
    </FxCompile>
    <FxCompile Include="ps_rwc.hlsl">
      <Filter>Pliki zasobów\RegularWithColor</Filter>
    </FxCompile>
    <FxCompile Include="ps_r.hlsl">
      <Filter>Pliki zasobów\Regular</Filter>
    </FxCompile>
    <FxCompile Include="vs_r.hlsl">
      <Filter>Pliki zasobów\Regular</Filter>
    </FxCompile>
    <FxCompile Include="ds_rwt.hlsl">
      <Filter>Pliki zasobów\RegularWithTesselation</Filter>
    </FxCompile>
    <FxCompile Include="hs_rwt.hlsl">
      <Filter>Pliki zasobów\RegularWithTesselation</Filter>
    </FxCompile>
    <FxCompile Include="vs_rwt.hlsl">
      <Filter>Pliki zasobów\RegularWithTesselation</Filter>
    </FxCompile>
    <FxCompile Include="ds_rwtbs.hlsl">
      <Filter>Pliki zasobów\RegularWithTesselationBSpline</Filter>
    </FxCompile>
    <FxCompile Include="ds_rwtcis.hlsl">
      <Filter>Pliki zasobów\RegularWithTesselationCISpline</Filter>
    </FxCompile>
    <FxCompile Include="hs_rwtcis.hlsl">
      <Filter>Pliki zasobów\RegularWithTesselationCISpline</Filter>
    </FxCompile>
    <FxCompile Include="vs_rwtcis.hlsl">
      <Filter>Pliki zasobów\RegularWithTesselationCISpline</Filter>
    </FxCompile>
    <FxCompile Include="ds_rwtsr.hlsl">
      <Filter>Pliki zasobów\RegularWithTesselationSurface</Filter>
    </FxCompile>
    <FxCompile Include="hs_rwtsr.hlsl">
      <Filter>Pliki zasobów\RegularWithTesselationSurface</Filter>
    </FxCompile>
    <FxCompile Include="ds_rwtbsr.hlsl">
      <Filter>Pliki zasobów\RegularWithTesselationBSurface</Filter>
    </FxCompile>
    <FxCompile Include="gs_rwtsr.hlsl">
      <Filter>Pliki zasobów\RegularWithTesselationSurface</Filter>
    </FxCompile>
    <FxCompile Include="hs_rwtg.hlsl">
      <Filter>Pliki zasobów\RegularWithTesselationGregory</Filter>
    </FxCompile>
    <FxCompile Include="ds_rwtg.hlsl">
      <Filter>Pliki zasobów\RegularWithTesselationGregory</Filter>
    </FxCompile>
    <FxCompile Include="vs_rwuvs.hlsl">
      <Filter>Pliki zasobów\RegularWithUVs</Filter>
    </FxCompile>
    <FxCompile Include="ps_rwuvs.hlsl">
      <Filter>Pliki zasobów\RegularWithUVs</Filter>
    </FxCompile>
    <FxCompile Include="gs_rwtg.hlsl">
      <Filter>Pliki zasobów\RegularWithTesselationGregory</Filter>
    </FxCompile>
    <FxCompile Include="ps_cutter.hlsl">
      <Filter>Pliki zasobów\Cutter</Filter>
    </FxCompile>
    <FxCompile Include="vs_cutter.hlsl">
      <Filter>Pliki zasobów\Cutter</Filter>
    </FxCompile>
    <FxCompile Include="vs_milling.hlsl">
      <Filter>Pliki zasobów\Milling</Filter>
    </FxCompile>
    <FxCompile Include="ps_milling.hlsl">
      <Filter>Pliki zasobów\Milling</Filter>
    </FxCompile>
    <FxCompile Include="gs_milling.hlsl">
      <Filter>Pliki zasobów\Milling</Filter>
    </FxCompile>
    <FxCompile Include="cs_milling.hlsl">
      <Filter>Pliki zasobów\Milling</Filter>
    </FxCompile>
  </ItemGroup>
</Project>