<?xml version="1.0" encoding="utf-8"?>
<Project ToolsVersion="4.0" xmlns="http://schemas.microsoft.com/developer/msbuild/2003">
  <ItemGroup>
    <Filter Include="Pliki źródłowe">
      <UniqueIdentifier>{4FC737F1-C7A5-4376-A066-2A32D752A2FF}</UniqueIdentifier>
      <Extensions>cpp;c;cc;cxx;c++;cppm;ixx;def;odl;idl;hpj;bat;asm;asmx</Extensions>
    </Filter>
    <Filter Include="Pliki nagłówkowe">
      <UniqueIdentifier>{93995380-89BD-4b04-88EB-625FBE52EBFB}</UniqueIdentifier>
      <Extensions>h;hh;hpp;hxx;h++;hm;inl;inc;ipp;xsd</Extensions>
    </Filter>
    <Filter Include="Pliki zasobów">
      <UniqueIdentifier>{67DA6AB6-F800-4c08-8B7A-83BB121AAD01}</UniqueIdentifier>
      <Extensions>rc;ico;cur;bmp;dlg;rc2;rct;bin;rgs;gif;jpg;jpeg;jpe;resx;tiff;tif;png;wav;mfcribbon-ms</Extensions>
    </Filter>
    <Filter Include="Pliki nagłówkowe\d3dx">
      <UniqueIdentifier>{23fe48ec-0684-4980-a3d4-6d51259d7a8b}</UniqueIdentifier>
    </Filter>
    <Filter Include="Pliki nagłówkowe\object">
      <UniqueIdentifier>{1da4ca9e-2c73-44a0-a176-e92ff656a997}</UniqueIdentifier>
    </Filter>
    <Filter Include="Pliki źródłowe\d3dx">
      <UniqueIdentifier>{28adab54-c217-43d8-a010-b0ebbe9f05d6}</UniqueIdentifier>
    </Filter>
    <Filter Include="Pliki nagłówkowe\input">
      <UniqueIdentifier>{d6ad5f2d-2ef9-488d-a13e-4d85a572156d}</UniqueIdentifier>
    </Filter>
    <Filter Include="Pliki źródłowe\input">
      <UniqueIdentifier>{796ededb-8da0-49ef-8b3b-2e919c16c24b}</UniqueIdentifier>
    </Filter>
    <Filter Include="Pliki źródłowe\object">
      <UniqueIdentifier>{6b5c14a1-a876-44cf-b5a7-c66558273df0}</UniqueIdentifier>
    </Filter>
    <Filter Include="Pliki nagłówkowe\app">
      <UniqueIdentifier>{97bfe556-81ff-4694-830d-53c0cb9d4578}</UniqueIdentifier>
    </Filter>
    <Filter Include="Pliki źródłowe\app">
      <UniqueIdentifier>{9b11bd43-5b20-4ae5-9702-b9064d2cdbc1}</UniqueIdentifier>
    </Filter>
  </ItemGroup>
  <ItemGroup>
    <ClInclude Include="Device.h">
      <Filter>Pliki nagłówkowe\d3dx</Filter>
    </ClInclude>
    <ClInclude Include="Descriptions.h">
      <Filter>Pliki nagłówkowe\d3dx</Filter>
    </ClInclude>
    <ClInclude Include="Object.h">
      <Filter>Pliki nagłówkowe\object</Filter>
    </ClInclude>
    <ClInclude Include="Torus.h">
      <Filter>Pliki nagłówkowe\object</Filter>
    </ClInclude>
    <ClInclude Include="Data.h">
      <Filter>Pliki nagłówkowe\d3dx</Filter>
    </ClInclude>
    <ClInclude Include="Mouse.h">
      <Filter>Pliki nagłówkowe\input</Filter>
    </ClInclude>
    <ClInclude Include="Keyboard.h">
      <Filter>Pliki nagłówkowe\input</Filter>
    </ClInclude>
    <ClInclude Include="Camera.h">
      <Filter>Pliki nagłówkowe\input</Filter>
    </ClInclude>
    <ClInclude Include="Mesh.h">
      <Filter>Pliki nagłówkowe\d3dx</Filter>
    </ClInclude>
    <ClInclude Include="Application.h">
      <Filter>Pliki nagłówkowe\app</Filter>
    </ClInclude>
    <ClInclude Include="UI.h">
      <Filter>Pliki nagłówkowe\app</Filter>
    </ClInclude>
    <ClInclude Include="Cube.h">
      <Filter>Pliki nagłówkowe\object</Filter>
    </ClInclude>
    <ClInclude Include="Cursor.h">
      <Filter>Pliki nagłówkowe\object</Filter>
    </ClInclude>
    <ClInclude Include="Selection.h">
      <Filter>Pliki nagłówkowe\object</Filter>
    </ClInclude>
    <ClInclude Include="Pointline.h">
      <Filter>Pliki nagłówkowe\object</Filter>
    </ClInclude>
    <ClInclude Include="Axes.h">
      <Filter>Pliki nagłówkowe\app</Filter>
    </ClInclude>
    <ClInclude Include="AxesMesh.h">
      <Filter>Pliki nagłówkowe\object</Filter>
    </ClInclude>
    <ClInclude Include="Point.h">
      <Filter>Pliki nagłówkowe\object</Filter>
    </ClInclude>
  </ItemGroup>
  <ItemGroup>
    <ClCompile Include="main.cpp">
      <Filter>Pliki źródłowe</Filter>
    </ClCompile>
    <ClCompile Include="Device.cpp">
      <Filter>Pliki źródłowe\d3dx</Filter>
    </ClCompile>
    <ClCompile Include="Descriptions.cpp">
      <Filter>Pliki źródłowe\d3dx</Filter>
    </ClCompile>
    <ClCompile Include="Data.cpp">
      <Filter>Pliki źródłowe\d3dx</Filter>
    </ClCompile>
    <ClCompile Include="Mesh.cpp">
      <Filter>Pliki źródłowe\d3dx</Filter>
    </ClCompile>
    <ClCompile Include="Camera.cpp">
      <Filter>Pliki źródłowe\input</Filter>
    </ClCompile>
    <ClCompile Include="Torus.cpp">
      <Filter>Pliki źródłowe\object</Filter>
    </ClCompile>
    <ClCompile Include="Object.cpp">
      <Filter>Pliki źródłowe\object</Filter>
    </ClCompile>
    <ClCompile Include="Mouse.cpp">
      <Filter>Pliki źródłowe\input</Filter>
    </ClCompile>
    <ClCompile Include="Keyboard.cpp">
      <Filter>Pliki źródłowe\input</Filter>
    </ClCompile>
    <ClCompile Include="Application.cpp">
      <Filter>Pliki źródłowe\app</Filter>
    </ClCompile>
    <ClCompile Include="UI.cpp">
      <Filter>Pliki źródłowe\app</Filter>
    </ClCompile>
    <ClCompile Include="Cube.cpp">
      <Filter>Pliki źródłowe\object</Filter>
    </ClCompile>
    <ClCompile Include="Selection.cpp">
      <Filter>Pliki źródłowe\object</Filter>
    </ClCompile>
    <ClCompile Include="Pointline.cpp">
      <Filter>Pliki źródłowe\object</Filter>
    </ClCompile>
    <ClCompile Include="Axes.cpp">
      <Filter>Pliki źródłowe\app</Filter>
    </ClCompile>
    <ClCompile Include="AxesMesh.cpp">
      <Filter>Pliki źródłowe\object</Filter>
    </ClCompile>
    <ClCompile Include="Cursor.cpp">
      <Filter>Pliki źródłowe\object</Filter>
    </ClCompile>
    <ClCompile Include="Point.cpp">
      <Filter>Pliki źródłowe\object</Filter>
    </ClCompile>
  </ItemGroup>
  <ItemGroup>
    <FxCompile Include="ps.hlsl">
      <Filter>Pliki zasobów</Filter>
    </FxCompile>
    <FxCompile Include="vs.hlsl">
      <Filter>Pliki zasobów</Filter>
    </FxCompile>
  </ItemGroup>
</Project>