<?xml version="1.0" encoding="utf-8"?>
<Project ToolsVersion="4.0" xmlns="http://schemas.microsoft.com/developer/msbuild/2003">
  <ItemGroup>
    <Filter Include="Pliki źródłowe">
      <UniqueIdentifier>{4FC737F1-C7A5-4376-A066-2A32D752A2FF}</UniqueIdentifier>
      <Extensions>cpp;c;cc;cxx;c++;cppm;ixx;def;odl;idl;hpj;bat;asm;asmx</Extensions>
    </Filter>
    <Filter Include="Pliki nagłówkowe">
      <UniqueIdentifier>{93995380-89BD-4b04-88EB-625FBE52EBFB}</UniqueIdentifier>
      <Extensions>h;hh;hpp;hxx;h++;hm;inl;inc;ipp;xsd</Extensions>
    </Filter>
    <Filter Include="Pliki zasobów">
      <UniqueIdentifier>{67DA6AB6-F800-4c08-8B7A-83BB121AAD01}</UniqueIdentifier>
      <Extensions>rc;ico;cur;bmp;dlg;rc2;rct;bin;rgs;gif;jpg;jpeg;jpe;resx;tiff;tif;png;wav;mfcribbon-ms</Extensions>
    </Filter>
    <Filter Include="Pliki nagłówkowe\backends">
      <UniqueIdentifier>{f722bc56-8b51-44a2-afec-1558cdf5ce45}</UniqueIdentifier>
    </Filter>
    <Filter Include="Pliki nagłówkowe\misc">
      <UniqueIdentifier>{6899367a-0f37-40ad-b9d6-c5b9e16b4556}</UniqueIdentifier>
    </Filter>
    <Filter Include="Pliki źródłowe\backends">
      <UniqueIdentifier>{d80ce969-0178-454f-97bc-eb1d03db4f59}</UniqueIdentifier>
    </Filter>
    <Filter Include="Pliki nagłówkowe\misc\cpp">
      <UniqueIdentifier>{e1f1a928-4244-4c7d-bddf-11c2587d76a6}</UniqueIdentifier>
    </Filter>
    <Filter Include="Pliki źródłowe\misc">
      <UniqueIdentifier>{7a7e2165-2c05-4b11-ab0a-66205f4e159e}</UniqueIdentifier>
    </Filter>
    <Filter Include="Pliki źródłowe\misc\cpp">
      <UniqueIdentifier>{dcc33356-9030-4854-bf1c-483ecaba2186}</UniqueIdentifier>
    </Filter>
    <Filter Include="Pliki zasobów\misc">
      <UniqueIdentifier>{b4c13beb-6644-4853-bf09-ec20ecd5c2d1}</UniqueIdentifier>
    </Filter>
    <Filter Include="Pliki zasobów\misc\cpp">
      <UniqueIdentifier>{0ed0c063-dad8-4676-a18c-5fe2374c9a59}</UniqueIdentifier>
    </Filter>
    <Filter Include="Pliki zasobów\misc\debuggers">
      <UniqueIdentifier>{36dd3854-cdf7-4802-9821-4cb566dafb39}</UniqueIdentifier>
    </Filter>
  </ItemGroup>
  <ItemGroup>
    <ClInclude Include="imconfig.h">
      <Filter>Pliki nagłówkowe</Filter>
    </ClInclude>
    <ClInclude Include="imgui.h">
      <Filter>Pliki nagłówkowe</Filter>
    </ClInclude>
    <ClInclude Include="imgui_internal.h">
      <Filter>Pliki nagłówkowe</Filter>
    </ClInclude>
    <ClInclude Include="imstb_rectpack.h">
      <Filter>Pliki nagłówkowe</Filter>
    </ClInclude>
    <ClInclude Include="imstb_textedit.h">
      <Filter>Pliki nagłówkowe</Filter>
    </ClInclude>
    <ClInclude Include="imstb_truetype.h">
      <Filter>Pliki nagłówkowe</Filter>
    </ClInclude>
    <ClInclude Include="backends\imgui_impl_dx11.h">
      <Filter>Pliki nagłówkowe\backends</Filter>
    </ClInclude>
    <ClInclude Include="backends\imgui_impl_win32.h">
      <Filter>Pliki nagłówkowe\backends</Filter>
    </ClInclude>
    <ClInclude Include="misc\cpp\imgui_stdlib.h">
      <Filter>Pliki nagłówkowe\misc\cpp</Filter>
    </ClInclude>
  </ItemGroup>
  <ItemGroup>
    <ClCompile Include="imgui.cpp">
      <Filter>Pliki źródłowe</Filter>
    </ClCompile>
    <ClCompile Include="imgui_demo.cpp">
      <Filter>Pliki źródłowe</Filter>
    </ClCompile>
    <ClCompile Include="imgui_draw.cpp">
      <Filter>Pliki źródłowe</Filter>
    </ClCompile>
    <ClCompile Include="imgui_tables.cpp">
      <Filter>Pliki źródłowe</Filter>
    </ClCompile>
    <ClCompile Include="imgui_widgets.cpp">
      <Filter>Pliki źródłowe</Filter>
    </ClCompile>
    <ClCompile Include="backends\imgui_impl_dx11.cpp">
      <Filter>Pliki źródłowe\backends</Filter>
    </ClCompile>
    <ClCompile Include="backends\imgui_impl_win32.cpp">
      <Filter>Pliki źródłowe\backends</Filter>
    </ClCompile>
    <ClCompile Include="misc\cpp\imgui_stdlib.cpp">
      <Filter>Pliki źródłowe\misc\cpp</Filter>
    </ClCompile>
  </ItemGroup>
  <ItemGroup>
    <Text Include="misc\cpp\README.txt">
      <Filter>Pliki zasobów\misc\cpp</Filter>
    </Text>
    <Text Include="misc\debuggers\README.txt">
      <Filter>Pliki zasobów\misc\debuggers</Filter>
    </Text>
    <Text Include="misc\README.txt">
      <Filter>Pliki zasobów\misc</Filter>
    </Text>
  </ItemGroup>
  <ItemGroup>
    <None Include="misc\debuggers\imgui.gdb">
      <Filter>Pliki zasobów\misc\debuggers</Filter>
    </None>
    <None Include="misc\debuggers\imgui.natstepfilter">
      <Filter>Pliki zasobów\misc\debuggers</Filter>
    </None>
  </ItemGroup>
  <ItemGroup>
    <Natvis Include="misc\debuggers\imgui.natvis">
      <Filter>Pliki zasobów\misc\debuggers</Filter>
    </Natvis>
  </ItemGroup>
</Project>